
Microsoft Visual Studio Solution File, Format Version 12.00
# Visual Studio Version 17
VisualStudioVersion = 17.4.33205.214
MinimumVisualStudioVersion = 10.0.40219.1
Project("{FAE04EC0-301F-11D3-BF4B-00C04F79EFBC}") = "MCU_Serial_Comm", "MCU_Serial_Comm.csproj", "{AEF72E22-A543-48C2-9D25-A6CD63A303F2}"
EndProject
Global
	GlobalSection(SolutionConfigurationPlatforms) = preSolution
		Debug|Any CPU = Debug|Any CPU
		Release|Any CPU = Release|Any CPU
	EndGlobalSection
	GlobalSection(ProjectConfigurationPlatforms) = postSolution
		{AEF72E22-A543-48C2-9D25-A6CD63A303F2}.Debug|Any CPU.ActiveCfg = Debug|Any CPU
		{AEF72E22-A543-48C2-9D25-A6CD63A303F2}.Debug|Any CPU.Build.0 = Debug|Any CPU
		{AEF72E22-A543-48C2-9D25-A6CD63A303F2}.Release|Any CPU.ActiveCfg = Release|Any CPU
		{AEF72E22-A543-48C2-9D25-A6CD63A303F2}.Release|Any CPU.Build.0 = Release|Any CPU
	EndGlobalSection
	GlobalSection(SolutionProperties) = preSolution
		HideSolutionNode = FALSE
	EndGlobalSection
	GlobalSection(ExtensibilityGlobals) = postSolution
		SolutionGuid = {995AE9A7-E687-44D0-A3F8-A9159B0B884C}
	EndGlobalSection
EndGlobal
